
Microsoft Visual Studio Solution File, Format Version 12.00
# Visual Studio 2012
Project("{E24C65DC-7377-472B-9ABA-BC803B73C61A}") = "globalframe_aspx4.5", ".", "{3F49C836-2E5F-4367-A6B8-6C57ECA02157}"
	ProjectSection(WebsiteProperties) = preProject
		TargetFrameworkMoniker = ".NETFramework,Version%3Dv4.0"
		Debug.AspNetCompiler.VirtualPath = "/globalframe_aspx4.5"
		Debug.AspNetCompiler.PhysicalPath = "..\globalframe_aspx4.5\"
		Debug.AspNetCompiler.TargetPath = "PrecompiledWeb\globalframe_aspx4.5\"
		Debug.AspNetCompiler.Updateable = "true"
		Debug.AspNetCompiler.ForceOverwrite = "true"
		Debug.AspNetCompiler.FixedNames = "false"
		Debug.AspNetCompiler.Debug = "True"
		Release.AspNetCompiler.VirtualPath = "/globalframe_aspx4.5"
		Release.AspNetCompiler.PhysicalPath = "..\globalframe_aspx4.5\"
		Release.AspNetCompiler.TargetPath = "PrecompiledWeb\globalframe_aspx4.5\"
		Release.AspNetCompiler.Updateable = "true"
		Release.AspNetCompiler.ForceOverwrite = "true"
		Release.AspNetCompiler.FixedNames = "false"
		Release.AspNetCompiler.Debug = "False"
		VWDPort = "5155"
	EndProjectSection
EndProject
Global
	GlobalSection(SolutionConfigurationPlatforms) = preSolution
		Debug|Any CPU = Debug|Any CPU
	EndGlobalSection
	GlobalSection(ProjectConfigurationPlatforms) = postSolution
		{3F49C836-2E5F-4367-A6B8-6C57ECA02157}.Debug|Any CPU.ActiveCfg = Debug|Any CPU
		{3F49C836-2E5F-4367-A6B8-6C57ECA02157}.Debug|Any CPU.Build.0 = Debug|Any CPU
	EndGlobalSection
	GlobalSection(SolutionProperties) = preSolution
		HideSolutionNode = FALSE
	EndGlobalSection
EndGlobal
